
Microsoft Visual Studio Solution File, Format Version 12.00
# Visual Studio 2013
VisualStudioVersion = 12.0.21005.1
MinimumVisualStudioVersion = 10.0.40219.1
Project("{2150E333-8FDC-42A3-9474-1A3956D46DE8}") = "Core", "Core", "{2647842B-325F-45B3-A867-1ADA6217B226}"
EndProject
Project("{2150E333-8FDC-42A3-9474-1A3956D46DE8}") = "Data", "Data", "{2976B8C8-783E-4C8D-8619-F5BFEC48592F}"
EndProject
Project("{2150E333-8FDC-42A3-9474-1A3956D46DE8}") = "Service", "Service", "{3008D40A-0DA5-4AC5-9DA3-120F88A7BAF5}"
EndProject
Project("{2150E333-8FDC-42A3-9474-1A3956D46DE8}") = "Utility", "Utility", "{206586E7-E53A-49D4-AA57-B9E7719D693E}"
EndProject
Project("{2150E333-8FDC-42A3-9474-1A3956D46DE8}") = "Plugins", "Plugins", "{85AEE4F3-2606-43AE-BC3B-B6A2000F91B4}"
EndProject
Project("{FAE04EC0-301F-11D3-BF4B-00C04F79EFBC}") = "Web", "Web\Web.csproj", "{2C33B339-AEC2-4C5C-88AA-65AF6EAE6958}"
EndProject
Project("{FAE04EC0-301F-11D3-BF4B-00C04F79EFBC}") = "MArc.Entity", "MArc.Entity\MArc.Entity.csproj", "{29A1CCD7-DC29-439A-B35A-E0CFBDFFAAF4}"
EndProject
Project("{FAE04EC0-301F-11D3-BF4B-00C04F79EFBC}") = "MArc.Models", "MArc.Models\MArc.Models.csproj", "{F48EC7FB-F7F1-4A6A-8D8D-D20FFD35F8F1}"
EndProject
Project("{FAE04EC0-301F-11D3-BF4B-00C04F79EFBC}") = "MArc.IService", "MArc.IService\MArc.IService.csproj", "{2761A026-0228-4A49-9D2D-7C7D8A5457E3}"
EndProject
Project("{FAE04EC0-301F-11D3-BF4B-00C04F79EFBC}") = "MArc.Service", "MArc.Service\MArc.Service.csproj", "{8AEF4791-793E-4F2A-8A9F-FCEC4F81AAE1}"
EndProject
Project("{FAE04EC0-301F-11D3-BF4B-00C04F79EFBC}") = "MArc.ServiceProvider", "MArc.ServiceProvider\MArc.ServiceProvider.csproj", "{12303744-4B77-4869-91FF-3B08876B0427}"
EndProject
Project("{FAE04EC0-301F-11D3-BF4B-00C04F79EFBC}") = "MArc.Cache", "MArc.Cache\MArc.Cache.csproj", "{9301B978-6040-4D62-97FF-130ABC48AB4E}"
EndProject
Project("{FAE04EC0-301F-11D3-BF4B-00C04F79EFBC}") = "MArc.Utility", "MArc.Utility\MArc.Utility.csproj", "{9A95FE31-92E2-433B-A233-C76A0BE80B7A}"
EndProject
Project("{FAE04EC0-301F-11D3-BF4B-00C04F79EFBC}") = "MArc.Config", "MArc.Config\MArc.Config.csproj", "{80873D6D-AA89-4FD7-AA01-E47DA3A437C6}"
EndProject
Project("{FAE04EC0-301F-11D3-BF4B-00C04F79EFBC}") = "MArc.Repository", "MArc.Repository\MArc.Repository.csproj", "{A3C4DB4E-AAC2-4045-91F2-9823E9A8FCF6}"
EndProject
Project("{FAE04EC0-301F-11D3-BF4B-00C04F79EFBC}") = "MArc.IRepository", "MArc.IRepository\MArc.IRepository.csproj", "{69A06173-B316-472C-9C03-4ACD5D252C84}"
EndProject
Project("{2150E333-8FDC-42A3-9474-1A3956D46DE8}") = "Repository", "Repository", "{3D39961C-6B99-4C1A-8566-163325107D9E}"
EndProject
Global
	GlobalSection(SolutionConfigurationPlatforms) = preSolution
		Debug|Any CPU = Debug|Any CPU
		Release|Any CPU = Release|Any CPU
	EndGlobalSection
	GlobalSection(ProjectConfigurationPlatforms) = postSolution
		{2C33B339-AEC2-4C5C-88AA-65AF6EAE6958}.Debug|Any CPU.ActiveCfg = Debug|Any CPU
		{2C33B339-AEC2-4C5C-88AA-65AF6EAE6958}.Debug|Any CPU.Build.0 = Debug|Any CPU
		{2C33B339-AEC2-4C5C-88AA-65AF6EAE6958}.Release|Any CPU.ActiveCfg = Release|Any CPU
		{2C33B339-AEC2-4C5C-88AA-65AF6EAE6958}.Release|Any CPU.Build.0 = Release|Any CPU
		{29A1CCD7-DC29-439A-B35A-E0CFBDFFAAF4}.Debug|Any CPU.ActiveCfg = Debug|Any CPU
		{29A1CCD7-DC29-439A-B35A-E0CFBDFFAAF4}.Debug|Any CPU.Build.0 = Debug|Any CPU
		{29A1CCD7-DC29-439A-B35A-E0CFBDFFAAF4}.Release|Any CPU.ActiveCfg = Release|Any CPU
		{29A1CCD7-DC29-439A-B35A-E0CFBDFFAAF4}.Release|Any CPU.Build.0 = Release|Any CPU
		{F48EC7FB-F7F1-4A6A-8D8D-D20FFD35F8F1}.Debug|Any CPU.ActiveCfg = Debug|Any CPU
		{F48EC7FB-F7F1-4A6A-8D8D-D20FFD35F8F1}.Debug|Any CPU.Build.0 = Debug|Any CPU
		{F48EC7FB-F7F1-4A6A-8D8D-D20FFD35F8F1}.Release|Any CPU.ActiveCfg = Release|Any CPU
		{F48EC7FB-F7F1-4A6A-8D8D-D20FFD35F8F1}.Release|Any CPU.Build.0 = Release|Any CPU
		{2761A026-0228-4A49-9D2D-7C7D8A5457E3}.Debug|Any CPU.ActiveCfg = Debug|Any CPU
		{2761A026-0228-4A49-9D2D-7C7D8A5457E3}.Debug|Any CPU.Build.0 = Debug|Any CPU
		{2761A026-0228-4A49-9D2D-7C7D8A5457E3}.Release|Any CPU.ActiveCfg = Release|Any CPU
		{2761A026-0228-4A49-9D2D-7C7D8A5457E3}.Release|Any CPU.Build.0 = Release|Any CPU
		{8AEF4791-793E-4F2A-8A9F-FCEC4F81AAE1}.Debug|Any CPU.ActiveCfg = Debug|Any CPU
		{8AEF4791-793E-4F2A-8A9F-FCEC4F81AAE1}.Debug|Any CPU.Build.0 = Debug|Any CPU
		{8AEF4791-793E-4F2A-8A9F-FCEC4F81AAE1}.Release|Any CPU.ActiveCfg = Release|Any CPU
		{8AEF4791-793E-4F2A-8A9F-FCEC4F81AAE1}.Release|Any CPU.Build.0 = Release|Any CPU
		{12303744-4B77-4869-91FF-3B08876B0427}.Debug|Any CPU.ActiveCfg = Debug|Any CPU
		{12303744-4B77-4869-91FF-3B08876B0427}.Debug|Any CPU.Build.0 = Debug|Any CPU
		{12303744-4B77-4869-91FF-3B08876B0427}.Release|Any CPU.ActiveCfg = Release|Any CPU
		{12303744-4B77-4869-91FF-3B08876B0427}.Release|Any CPU.Build.0 = Release|Any CPU
		{9301B978-6040-4D62-97FF-130ABC48AB4E}.Debug|Any CPU.ActiveCfg = Debug|Any CPU
		{9301B978-6040-4D62-97FF-130ABC48AB4E}.Debug|Any CPU.Build.0 = Debug|Any CPU
		{9301B978-6040-4D62-97FF-130ABC48AB4E}.Release|Any CPU.ActiveCfg = Release|Any CPU
		{9301B978-6040-4D62-97FF-130ABC48AB4E}.Release|Any CPU.Build.0 = Release|Any CPU
		{9A95FE31-92E2-433B-A233-C76A0BE80B7A}.Debug|Any CPU.ActiveCfg = Debug|Any CPU
		{9A95FE31-92E2-433B-A233-C76A0BE80B7A}.Debug|Any CPU.Build.0 = Debug|Any CPU
		{9A95FE31-92E2-433B-A233-C76A0BE80B7A}.Release|Any CPU.ActiveCfg = Release|Any CPU
		{9A95FE31-92E2-433B-A233-C76A0BE80B7A}.Release|Any CPU.Build.0 = Release|Any CPU
		{80873D6D-AA89-4FD7-AA01-E47DA3A437C6}.Debug|Any CPU.ActiveCfg = Debug|Any CPU
		{80873D6D-AA89-4FD7-AA01-E47DA3A437C6}.Debug|Any CPU.Build.0 = Debug|Any CPU
		{80873D6D-AA89-4FD7-AA01-E47DA3A437C6}.Release|Any CPU.ActiveCfg = Release|Any CPU
		{80873D6D-AA89-4FD7-AA01-E47DA3A437C6}.Release|Any CPU.Build.0 = Release|Any CPU
		{A3C4DB4E-AAC2-4045-91F2-9823E9A8FCF6}.Debug|Any CPU.ActiveCfg = Debug|Any CPU
		{A3C4DB4E-AAC2-4045-91F2-9823E9A8FCF6}.Debug|Any CPU.Build.0 = Debug|Any CPU
		{A3C4DB4E-AAC2-4045-91F2-9823E9A8FCF6}.Release|Any CPU.ActiveCfg = Release|Any CPU
		{A3C4DB4E-AAC2-4045-91F2-9823E9A8FCF6}.Release|Any CPU.Build.0 = Release|Any CPU
		{69A06173-B316-472C-9C03-4ACD5D252C84}.Debug|Any CPU.ActiveCfg = Debug|Any CPU
		{69A06173-B316-472C-9C03-4ACD5D252C84}.Debug|Any CPU.Build.0 = Debug|Any CPU
		{69A06173-B316-472C-9C03-4ACD5D252C84}.Release|Any CPU.ActiveCfg = Release|Any CPU
		{69A06173-B316-472C-9C03-4ACD5D252C84}.Release|Any CPU.Build.0 = Release|Any CPU
	EndGlobalSection
	GlobalSection(SolutionProperties) = preSolution
		HideSolutionNode = FALSE
	EndGlobalSection
	GlobalSection(NestedProjects) = preSolution
		{12303744-4B77-4869-91FF-3B08876B0427} = {2647842B-325F-45B3-A867-1ADA6217B226}
		{9301B978-6040-4D62-97FF-130ABC48AB4E} = {2647842B-325F-45B3-A867-1ADA6217B226}
		{80873D6D-AA89-4FD7-AA01-E47DA3A437C6} = {2647842B-325F-45B3-A867-1ADA6217B226}
		{29A1CCD7-DC29-439A-B35A-E0CFBDFFAAF4} = {2976B8C8-783E-4C8D-8619-F5BFEC48592F}
		{F48EC7FB-F7F1-4A6A-8D8D-D20FFD35F8F1} = {2976B8C8-783E-4C8D-8619-F5BFEC48592F}
		{2761A026-0228-4A49-9D2D-7C7D8A5457E3} = {3008D40A-0DA5-4AC5-9DA3-120F88A7BAF5}
		{8AEF4791-793E-4F2A-8A9F-FCEC4F81AAE1} = {3008D40A-0DA5-4AC5-9DA3-120F88A7BAF5}
		{9A95FE31-92E2-433B-A233-C76A0BE80B7A} = {206586E7-E53A-49D4-AA57-B9E7719D693E}
		{69A06173-B316-472C-9C03-4ACD5D252C84} = {3D39961C-6B99-4C1A-8566-163325107D9E}
		{A3C4DB4E-AAC2-4045-91F2-9823E9A8FCF6} = {3D39961C-6B99-4C1A-8566-163325107D9E}
	EndGlobalSection
EndGlobal
